
Microsoft Visual Studio Solution File, Format Version 12.00
# Visual Studio Version 16
VisualStudioVersion = 16.0.32228.343
MinimumVisualStudioVersion = 10.0.40219.1
Project("{FAE04EC0-301F-11D3-BF4B-00C04F79EFBC}") = "Projeto01.ConceitosMVC", "Projeto01.ConceitosMVC\Projeto01.ConceitosMVC.csproj", "{4320DCF4-81C5-4893-85C0-29EDBD1216D2}"
EndProject
Project("{FAE04EC0-301F-11D3-BF4B-00C04F79EFBC}") = "Projeto02.ConceitosRazor", "Projeto02.ConceitosRazor\Projeto02.ConceitosRazor.csproj", "{5DA04D7E-AB23-4C5B-B963-B3410CE55912}"
EndProject
Global
	GlobalSection(SolutionConfigurationPlatforms) = preSolution
		Debug|Any CPU = Debug|Any CPU
		Release|Any CPU = Release|Any CPU
	EndGlobalSection
	GlobalSection(ProjectConfigurationPlatforms) = postSolution
		{4320DCF4-81C5-4893-85C0-29EDBD1216D2}.Debug|Any CPU.ActiveCfg = Debug|Any CPU
		{4320DCF4-81C5-4893-85C0-29EDBD1216D2}.Debug|Any CPU.Build.0 = Debug|Any CPU
		{4320DCF4-81C5-4893-85C0-29EDBD1216D2}.Release|Any CPU.ActiveCfg = Release|Any CPU
		{4320DCF4-81C5-4893-85C0-29EDBD1216D2}.Release|Any CPU.Build.0 = Release|Any CPU
		{5DA04D7E-AB23-4C5B-B963-B3410CE55912}.Debug|Any CPU.ActiveCfg = Debug|Any CPU
		{5DA04D7E-AB23-4C5B-B963-B3410CE55912}.Debug|Any CPU.Build.0 = Debug|Any CPU
		{5DA04D7E-AB23-4C5B-B963-B3410CE55912}.Release|Any CPU.ActiveCfg = Release|Any CPU
		{5DA04D7E-AB23-4C5B-B963-B3410CE55912}.Release|Any CPU.Build.0 = Release|Any CPU
	EndGlobalSection
	GlobalSection(SolutionProperties) = preSolution
		HideSolutionNode = FALSE
	EndGlobalSection
	GlobalSection(ExtensibilityGlobals) = postSolution
		SolutionGuid = {198DBA7F-E8C4-43B5-B793-60CA911FE900}
	EndGlobalSection
EndGlobal
